
Microsoft Visual Studio Solution File, Format Version 12.00
# Visual Studio 15
VisualStudioVersion = 15.0.28307.1340
MinimumVisualStudioVersion = 10.0.40219.1
Project("{FAE04EC0-301F-11D3-BF4B-00C04F79EFBC}") = "SBO.NEO.GPPL.MainLibrary", "ITNepal.MainLibrary\SBO.NEO.GPPL.MainLibrary.csproj", "{3DC8B10B-D57E-46EA-8E09-C94C6EE89169}"
EndProject
Project("{FAE04EC0-301F-11D3-BF4B-00C04F79EFBC}") = "SBO.NEO.GPPL", "ITNepal.HSIL\SBO.NEO.GPPL.csproj", "{6354D8B0-6D7E-4319-98D3-F677CCF61FA7}"
EndProject
Global
	GlobalSection(SolutionConfigurationPlatforms) = preSolution
		Debug|Any CPU = Debug|Any CPU
		Release|Any CPU = Release|Any CPU
	EndGlobalSection
	GlobalSection(ProjectConfigurationPlatforms) = postSolution
		{3DC8B10B-D57E-46EA-8E09-C94C6EE89169}.Debug|Any CPU.ActiveCfg = Debug|Any CPU
		{3DC8B10B-D57E-46EA-8E09-C94C6EE89169}.Debug|Any CPU.Build.0 = Debug|Any CPU
		{3DC8B10B-D57E-46EA-8E09-C94C6EE89169}.Release|Any CPU.ActiveCfg = Release|Any CPU
		{3DC8B10B-D57E-46EA-8E09-C94C6EE89169}.Release|Any CPU.Build.0 = Release|Any CPU
		{6354D8B0-6D7E-4319-98D3-F677CCF61FA7}.Debug|Any CPU.ActiveCfg = Debug|Any CPU
		{6354D8B0-6D7E-4319-98D3-F677CCF61FA7}.Debug|Any CPU.Build.0 = Debug|Any CPU
		{6354D8B0-6D7E-4319-98D3-F677CCF61FA7}.Release|Any CPU.ActiveCfg = Release|Any CPU
		{6354D8B0-6D7E-4319-98D3-F677CCF61FA7}.Release|Any CPU.Build.0 = Release|Any CPU
	EndGlobalSection
	GlobalSection(SolutionProperties) = preSolution
		HideSolutionNode = FALSE
	EndGlobalSection
	GlobalSection(ExtensibilityGlobals) = postSolution
		SolutionGuid = {7AD6B0AC-9B4B-4259-9DB4-AFDCF5A080D0}
	EndGlobalSection
EndGlobal
